
Microsoft Visual Studio Solution File, Format Version 12.00
# Visual Studio Version 16
VisualStudioVersion = 16.0.31727.386
MinimumVisualStudioVersion = 10.0.40219.1
Project("{FAE04EC0-301F-11D3-BF4B-00C04F79EFBC}") = "Lab4", "Lab4\Lab4.csproj", "{4789345E-328E-4B78-A111-C32250DB900C}"
EndProject
Project("{FAE04EC0-301F-11D3-BF4B-00C04F79EFBC}") = "Lab4Tests", "Lab4Tests\Lab4Tests.csproj", "{C9E63FF1-4B04-4BA8-BCC7-C216F2008F98}"
EndProject
Global
	GlobalSection(SolutionConfigurationPlatforms) = preSolution
		Debug|Any CPU = Debug|Any CPU
		Release|Any CPU = Release|Any CPU
	EndGlobalSection
	GlobalSection(ProjectConfigurationPlatforms) = postSolution
		{4789345E-328E-4B78-A111-C32250DB900C}.Debug|Any CPU.ActiveCfg = Debug|Any CPU
		{4789345E-328E-4B78-A111-C32250DB900C}.Debug|Any CPU.Build.0 = Debug|Any CPU
		{4789345E-328E-4B78-A111-C32250DB900C}.Release|Any CPU.ActiveCfg = Release|Any CPU
		{4789345E-328E-4B78-A111-C32250DB900C}.Release|Any CPU.Build.0 = Release|Any CPU
		{C9E63FF1-4B04-4BA8-BCC7-C216F2008F98}.Debug|Any CPU.ActiveCfg = Debug|Any CPU
		{C9E63FF1-4B04-4BA8-BCC7-C216F2008F98}.Debug|Any CPU.Build.0 = Debug|Any CPU
		{C9E63FF1-4B04-4BA8-BCC7-C216F2008F98}.Release|Any CPU.ActiveCfg = Release|Any CPU
		{C9E63FF1-4B04-4BA8-BCC7-C216F2008F98}.Release|Any CPU.Build.0 = Release|Any CPU
	EndGlobalSection
	GlobalSection(SolutionProperties) = preSolution
		HideSolutionNode = FALSE
	EndGlobalSection
	GlobalSection(ExtensibilityGlobals) = postSolution
		SolutionGuid = {C871CF1B-E4E0-44A9-AA3C-FF92C3DC8614}
	EndGlobalSection
EndGlobal
